
Microsoft Visual Studio Solution File, Format Version 12.00
# Visual Studio Version 17
VisualStudioVersion = 17.1.32210.238
MinimumVisualStudioVersion = 10.0.40219.1
Project("{9A19103F-16F7-4668-BE54-9A1E7A4F7556}") = "Task2.1", "Task2.1\Task2.1.csproj", "{A9B3FEA5-F139-42C5-B176-96C25FC81966}"
EndProject
Project("{9A19103F-16F7-4668-BE54-9A1E7A4F7556}") = "Task2.2", "Task2.2\Task2.2.csproj", "{B0C04A13-716C-4BAF-91A9-5847A43A63C6}"
EndProject
Project("{9A19103F-16F7-4668-BE54-9A1E7A4F7556}") = "Task2.3", "Task2.3\Task2.3.csproj", "{04E25CD4-E631-47AB-806F-DE8034E72897}"
EndProject
Project("{9A19103F-16F7-4668-BE54-9A1E7A4F7556}") = "Task2.4", "Task2.4\Task2.4.csproj", "{6349EB96-B735-4682-B85C-9B37588692F3}"
EndProject
Project("{9A19103F-16F7-4668-BE54-9A1E7A4F7556}") = "Task2.5", "Task2.5\Task2.5.csproj", "{4E3FCDD7-A285-4670-BE6B-5C7064C0794A}"
EndProject
Project("{9A19103F-16F7-4668-BE54-9A1E7A4F7556}") = "Task2.6", "Task2.6\Task2.6.csproj", "{256A9A29-CD77-43C1-95B4-C9BBEA158885}"
EndProject
Project("{9A19103F-16F7-4668-BE54-9A1E7A4F7556}") = "Task2.7", "Task2.7\Task2.7.csproj", "{120EC3DF-F7F8-4A2B-A9A5-37F16349EB2A}"
EndProject
Project("{9A19103F-16F7-4668-BE54-9A1E7A4F7556}") = "Task2.8", "Task2.8\Task2.8.csproj", "{203711D4-D2E1-479F-968B-4C397726D156}"
EndProject
Project("{9A19103F-16F7-4668-BE54-9A1E7A4F7556}") = "Task2.9", "Task2.9\Task2.9.csproj", "{60234834-5352-432F-966C-528BAD2E0FE0}"
EndProject
Project("{9A19103F-16F7-4668-BE54-9A1E7A4F7556}") = "Task210", "Task2.10\Task210.csproj", "{B6193D80-EEC6-42BC-AF10-7C78A9E39507}"
EndProject
Project("{9A19103F-16F7-4668-BE54-9A1E7A4F7556}") = "Task211", "Task211\Task211.csproj", "{827D2CFE-7F48-4EA3-84C7-050DDB01BB34}"
EndProject
Project("{9A19103F-16F7-4668-BE54-9A1E7A4F7556}") = "Task212", "Task212\Task212.csproj", "{BFDBA92A-D35F-4C68-B194-BACD863F130D}"
EndProject
Project("{9A19103F-16F7-4668-BE54-9A1E7A4F7556}") = "Task213", "TaskT213\Task213.csproj", "{2AA8EE51-6B6A-432D-A52B-1D64DBD32EFE}"
EndProject
Project("{FAE04EC0-301F-11D3-BF4B-00C04F79EFBC}") = "Task214", "Task214\Task214.csproj", "{BFD36FA3-605F-47A3-A81A-ABCF7B8FA12C}"
EndProject
Project("{FAE04EC0-301F-11D3-BF4B-00C04F79EFBC}") = "Task215", "Task215\Task215.csproj", "{90D0F341-9E5A-498C-B4BC-A5CF5668DB67}"
EndProject
Global
	GlobalSection(SolutionConfigurationPlatforms) = preSolution
		Debug|Any CPU = Debug|Any CPU
		Release|Any CPU = Release|Any CPU
	EndGlobalSection
	GlobalSection(ProjectConfigurationPlatforms) = postSolution
		{A9B3FEA5-F139-42C5-B176-96C25FC81966}.Debug|Any CPU.ActiveCfg = Debug|Any CPU
		{A9B3FEA5-F139-42C5-B176-96C25FC81966}.Debug|Any CPU.Build.0 = Debug|Any CPU
		{A9B3FEA5-F139-42C5-B176-96C25FC81966}.Release|Any CPU.ActiveCfg = Release|Any CPU
		{A9B3FEA5-F139-42C5-B176-96C25FC81966}.Release|Any CPU.Build.0 = Release|Any CPU
		{B0C04A13-716C-4BAF-91A9-5847A43A63C6}.Debug|Any CPU.ActiveCfg = Debug|Any CPU
		{B0C04A13-716C-4BAF-91A9-5847A43A63C6}.Debug|Any CPU.Build.0 = Debug|Any CPU
		{B0C04A13-716C-4BAF-91A9-5847A43A63C6}.Release|Any CPU.ActiveCfg = Release|Any CPU
		{B0C04A13-716C-4BAF-91A9-5847A43A63C6}.Release|Any CPU.Build.0 = Release|Any CPU
		{04E25CD4-E631-47AB-806F-DE8034E72897}.Debug|Any CPU.ActiveCfg = Debug|Any CPU
		{04E25CD4-E631-47AB-806F-DE8034E72897}.Debug|Any CPU.Build.0 = Debug|Any CPU
		{04E25CD4-E631-47AB-806F-DE8034E72897}.Release|Any CPU.ActiveCfg = Release|Any CPU
		{04E25CD4-E631-47AB-806F-DE8034E72897}.Release|Any CPU.Build.0 = Release|Any CPU
		{6349EB96-B735-4682-B85C-9B37588692F3}.Debug|Any CPU.ActiveCfg = Debug|Any CPU
		{6349EB96-B735-4682-B85C-9B37588692F3}.Debug|Any CPU.Build.0 = Debug|Any CPU
		{6349EB96-B735-4682-B85C-9B37588692F3}.Release|Any CPU.ActiveCfg = Release|Any CPU
		{6349EB96-B735-4682-B85C-9B37588692F3}.Release|Any CPU.Build.0 = Release|Any CPU
		{4E3FCDD7-A285-4670-BE6B-5C7064C0794A}.Debug|Any CPU.ActiveCfg = Debug|Any CPU
		{4E3FCDD7-A285-4670-BE6B-5C7064C0794A}.Debug|Any CPU.Build.0 = Debug|Any CPU
		{4E3FCDD7-A285-4670-BE6B-5C7064C0794A}.Release|Any CPU.ActiveCfg = Release|Any CPU
		{4E3FCDD7-A285-4670-BE6B-5C7064C0794A}.Release|Any CPU.Build.0 = Release|Any CPU
		{256A9A29-CD77-43C1-95B4-C9BBEA158885}.Debug|Any CPU.ActiveCfg = Debug|Any CPU
		{256A9A29-CD77-43C1-95B4-C9BBEA158885}.Debug|Any CPU.Build.0 = Debug|Any CPU
		{256A9A29-CD77-43C1-95B4-C9BBEA158885}.Release|Any CPU.ActiveCfg = Release|Any CPU
		{256A9A29-CD77-43C1-95B4-C9BBEA158885}.Release|Any CPU.Build.0 = Release|Any CPU
		{120EC3DF-F7F8-4A2B-A9A5-37F16349EB2A}.Debug|Any CPU.ActiveCfg = Debug|Any CPU
		{120EC3DF-F7F8-4A2B-A9A5-37F16349EB2A}.Debug|Any CPU.Build.0 = Debug|Any CPU
		{120EC3DF-F7F8-4A2B-A9A5-37F16349EB2A}.Release|Any CPU.ActiveCfg = Release|Any CPU
		{120EC3DF-F7F8-4A2B-A9A5-37F16349EB2A}.Release|Any CPU.Build.0 = Release|Any CPU
		{203711D4-D2E1-479F-968B-4C397726D156}.Debug|Any CPU.ActiveCfg = Debug|Any CPU
		{203711D4-D2E1-479F-968B-4C397726D156}.Debug|Any CPU.Build.0 = Debug|Any CPU
		{203711D4-D2E1-479F-968B-4C397726D156}.Release|Any CPU.ActiveCfg = Release|Any CPU
		{203711D4-D2E1-479F-968B-4C397726D156}.Release|Any CPU.Build.0 = Release|Any CPU
		{60234834-5352-432F-966C-528BAD2E0FE0}.Debug|Any CPU.ActiveCfg = Debug|Any CPU
		{60234834-5352-432F-966C-528BAD2E0FE0}.Debug|Any CPU.Build.0 = Debug|Any CPU
		{60234834-5352-432F-966C-528BAD2E0FE0}.Release|Any CPU.ActiveCfg = Release|Any CPU
		{60234834-5352-432F-966C-528BAD2E0FE0}.Release|Any CPU.Build.0 = Release|Any CPU
		{B6193D80-EEC6-42BC-AF10-7C78A9E39507}.Debug|Any CPU.ActiveCfg = Debug|Any CPU
		{B6193D80-EEC6-42BC-AF10-7C78A9E39507}.Debug|Any CPU.Build.0 = Debug|Any CPU
		{B6193D80-EEC6-42BC-AF10-7C78A9E39507}.Release|Any CPU.ActiveCfg = Release|Any CPU
		{B6193D80-EEC6-42BC-AF10-7C78A9E39507}.Release|Any CPU.Build.0 = Release|Any CPU
		{827D2CFE-7F48-4EA3-84C7-050DDB01BB34}.Debug|Any CPU.ActiveCfg = Debug|Any CPU
		{827D2CFE-7F48-4EA3-84C7-050DDB01BB34}.Debug|Any CPU.Build.0 = Debug|Any CPU
		{827D2CFE-7F48-4EA3-84C7-050DDB01BB34}.Release|Any CPU.ActiveCfg = Release|Any CPU
		{827D2CFE-7F48-4EA3-84C7-050DDB01BB34}.Release|Any CPU.Build.0 = Release|Any CPU
		{BFDBA92A-D35F-4C68-B194-BACD863F130D}.Debug|Any CPU.ActiveCfg = Debug|Any CPU
		{BFDBA92A-D35F-4C68-B194-BACD863F130D}.Debug|Any CPU.Build.0 = Debug|Any CPU
		{BFDBA92A-D35F-4C68-B194-BACD863F130D}.Release|Any CPU.ActiveCfg = Release|Any CPU
		{BFDBA92A-D35F-4C68-B194-BACD863F130D}.Release|Any CPU.Build.0 = Release|Any CPU
		{2AA8EE51-6B6A-432D-A52B-1D64DBD32EFE}.Debug|Any CPU.ActiveCfg = Debug|Any CPU
		{2AA8EE51-6B6A-432D-A52B-1D64DBD32EFE}.Debug|Any CPU.Build.0 = Debug|Any CPU
		{2AA8EE51-6B6A-432D-A52B-1D64DBD32EFE}.Release|Any CPU.ActiveCfg = Release|Any CPU
		{2AA8EE51-6B6A-432D-A52B-1D64DBD32EFE}.Release|Any CPU.Build.0 = Release|Any CPU
		{BFD36FA3-605F-47A3-A81A-ABCF7B8FA12C}.Debug|Any CPU.ActiveCfg = Debug|Any CPU
		{BFD36FA3-605F-47A3-A81A-ABCF7B8FA12C}.Debug|Any CPU.Build.0 = Debug|Any CPU
		{BFD36FA3-605F-47A3-A81A-ABCF7B8FA12C}.Release|Any CPU.ActiveCfg = Release|Any CPU
		{BFD36FA3-605F-47A3-A81A-ABCF7B8FA12C}.Release|Any CPU.Build.0 = Release|Any CPU
		{90D0F341-9E5A-498C-B4BC-A5CF5668DB67}.Debug|Any CPU.ActiveCfg = Debug|Any CPU
		{90D0F341-9E5A-498C-B4BC-A5CF5668DB67}.Debug|Any CPU.Build.0 = Debug|Any CPU
		{90D0F341-9E5A-498C-B4BC-A5CF5668DB67}.Release|Any CPU.ActiveCfg = Release|Any CPU
		{90D0F341-9E5A-498C-B4BC-A5CF5668DB67}.Release|Any CPU.Build.0 = Release|Any CPU
	EndGlobalSection
	GlobalSection(SolutionProperties) = preSolution
		HideSolutionNode = FALSE
	EndGlobalSection
	GlobalSection(ExtensibilityGlobals) = postSolution
		SolutionGuid = {710524F6-DAB1-40C5-96BA-CB636196D2F8}
	EndGlobalSection
EndGlobal
